// !$*UTF8*$!
{
	archiveVersion = 1;
	classes = {
	};
	objectVersion = 77;
	objects = {

/* Begin PBXContainerItemProxy section */
		CC9FF1A82DC449A700A99426 /* PBXContainerItemProxy */ = {
			isa = PBXContainerItemProxy;
			containerPortal = CC9FF18F2DC449A500A99426 /* Project object */;
			proxyType = 1;
			remoteGlobalIDString = CC9FF1962DC449A500A99426;
			remoteInfo = PokemonApi;
		};
		CC9FF1B22DC449A700A99426 /* PBXContainerItemProxy */ = {
			isa = PBXContainerItemProxy;
			containerPortal = CC9FF18F2DC449A500A99426 /* Project object */;
			proxyType = 1;
			remoteGlobalIDString = CC9FF1962DC449A500A99426;
			remoteInfo = PokemonApi;
		};
/* End PBXContainerItemProxy section */

/* Begin PBXFileReference section */
		CC9FF1972DC449A500A99426 /* PokemonApi.app */ = {isa = PBXFileReference; explicitFileType = wrapper.application; includeInIndex = 0; path = PokemonApi.app; sourceTree = BUILT_PRODUCTS_DIR; };
		CC9FF1A72DC449A700A99426 /* PokemonApiTests.xctest */ = {isa = PBXFileReference; explicitFileType = wrapper.cfbundle; includeInIndex = 0; path = PokemonApiTests.xctest; sourceTree = BUILT_PRODUCTS_DIR; };
		CC9FF1B12DC449A700A99426 /* PokemonApiUITests.xctest */ = {isa = PBXFileReference; explicitFileType = wrapper.cfbundle; includeInIndex = 0; path = PokemonApiUITests.xctest; sourceTree = BUILT_PRODUCTS_DIR; };
/* End PBXFileReference section */

/* Begin PBXFileSystemSynchronizedBuildFileExceptionSet section */
		CC9FF1EF2DC4598200A99426 /* Exceptions for "PokemonApi" folder in "PokemonApiTests" target */ = {
			isa = PBXFileSystemSynchronizedBuildFileExceptionSet;
			membershipExceptions = (
				Utils/Extensions.swift,
				Utils/Globals.swift,
				"Utils/Montserrat-VariableFont_wght.ttf",
			);
			target = CC9FF1A62DC449A700A99426 /* PokemonApiTests */;
		};
		CC9FF1F02DC4598200A99426 /* Exceptions for "PokemonApi" folder in "PokemonApiUITests" target */ = {
			isa = PBXFileSystemSynchronizedBuildFileExceptionSet;
			membershipExceptions = (
				Utils/Extensions.swift,
				Utils/Globals.swift,
				"Utils/Montserrat-VariableFont_wght.ttf",
			);
			target = CC9FF1B02DC449A700A99426 /* PokemonApiUITests */;
		};
		CC9FF1F22DC459C000A99426 /* Exceptions for "PokemonApi" folder in "PokemonApi" target */ = {
			isa = PBXFileSystemSynchronizedBuildFileExceptionSet;
			membershipExceptions = (
				Info.plist,
			);
			target = CC9FF1962DC449A500A99426 /* PokemonApi */;
		};
/* End PBXFileSystemSynchronizedBuildFileExceptionSet section */

/* Begin PBXFileSystemSynchronizedRootGroup section */
		CC9FF1992DC449A500A99426 /* PokemonApi */ = {
			isa = PBXFileSystemSynchronizedRootGroup;
			exceptions = (
				CC9FF1F22DC459C000A99426 /* Exceptions for "PokemonApi" folder in "PokemonApi" target */,
				CC9FF1EF2DC4598200A99426 /* Exceptions for "PokemonApi" folder in "PokemonApiTests" target */,
				CC9FF1F02DC4598200A99426 /* Exceptions for "PokemonApi" folder in "PokemonApiUITests" target */,
			);
			path = PokemonApi;
			sourceTree = "<group>";
		};
		CC9FF1AA2DC449A700A99426 /* PokemonApiTests */ = {
			isa = PBXFileSystemSynchronizedRootGroup;
			path = PokemonApiTests;
			sourceTree = "<group>";
		};
		CC9FF1B42DC449A700A99426 /* PokemonApiUITests */ = {
			isa = PBXFileSystemSynchronizedRootGroup;
			path = PokemonApiUITests;
			sourceTree = "<group>";
		};
/* End PBXFileSystemSynchronizedRootGroup section */

/* Begin PBXFrameworksBuildPhase section */
		CC9FF1942DC449A500A99426 /* Frameworks */ = {
			isa = PBXFrameworksBuildPhase;
			buildActionMask = 2147483647;
			files = (
			);
			runOnlyForDeploymentPostprocessing = 0;
		};
		CC9FF1A42DC449A700A99426 /* Frameworks */ = {
			isa = PBXFrameworksBuildPhase;
			buildActionMask = 2147483647;
			files = (
			);
			runOnlyForDeploymentPostprocessing = 0;
		};
		CC9FF1AE2DC449A700A99426 /* Frameworks */ = {
			isa = PBXFrameworksBuildPhase;
			buildActionMask = 2147483647;
			files = (
			);
			runOnlyForDeploymentPostprocessing = 0;
		};
/* End PBXFrameworksBuildPhase section */

/* Begin PBXGroup section */
		CC9FF18E2DC449A500A99426 = {
			isa = PBXGroup;
			children = (
				CC9FF1992DC449A500A99426 /* PokemonApi */,
				CC9FF1AA2DC449A700A99426 /* PokemonApiTests */,
				CC9FF1B42DC449A700A99426 /* PokemonApiUITests */,
				CC9FF1982DC449A500A99426 /* Products */,
			);
			sourceTree = "<group>";
		};
		CC9FF1982DC449A500A99426 /* Products */ = {
			isa = PBXGroup;
			children = (
				CC9FF1972DC449A500A99426 /* PokemonApi.app */,
				CC9FF1A72DC449A700A99426 /* PokemonApiTests.xctest */,
				CC9FF1B12DC449A700A99426 /* PokemonApiUITests.xctest */,
			);
			name = Products;
			sourceTree = "<group>";
		};
/* End PBXGroup section */

/* Begin PBXNativeTarget section */
		CC9FF1962DC449A500A99426 /* PokemonApi */ = {
			isa = PBXNativeTarget;
			buildConfigurationList = CC9FF1BB2DC449A700A99426 /* Build configuration list for PBXNativeTarget "PokemonApi" */;
			buildPhases = (
				CC9FF1932DC449A500A99426 /* Sources */,
				CC9FF1942DC449A500A99426 /* Frameworks */,
				CC9FF1952DC449A500A99426 /* Resources */,
			);
			buildRules = (
			);
			dependencies = (
			);
			fileSystemSynchronizedGroups = (
				CC9FF1992DC449A500A99426 /* PokemonApi */,
			);
			name = PokemonApi;
			packageProductDependencies = (
			);
			productName = PokemonApi;
			productReference = CC9FF1972DC449A500A99426 /* PokemonApi.app */;
			productType = "com.apple.product-type.application";
		};
		CC9FF1A62DC449A700A99426 /* PokemonApiTests */ = {
			isa = PBXNativeTarget;
			buildConfigurationList = CC9FF1BE2DC449A700A99426 /* Build configuration list for PBXNativeTarget "PokemonApiTests" */;
			buildPhases = (
				CC9FF1A32DC449A700A99426 /* Sources */,
				CC9FF1A42DC449A700A99426 /* Frameworks */,
				CC9FF1A52DC449A700A99426 /* Resources */,
			);
			buildRules = (
			);
			dependencies = (
				CC9FF1A92DC449A700A99426 /* PBXTargetDependency */,
			);
			fileSystemSynchronizedGroups = (
				CC9FF1AA2DC449A700A99426 /* PokemonApiTests */,
			);
			name = PokemonApiTests;
			packageProductDependencies = (
			);
			productName = PokemonApiTests;
			productReference = CC9FF1A72DC449A700A99426 /* PokemonApiTests.xctest */;
			productType = "com.apple.product-type.bundle.unit-test";
		};
		CC9FF1B02DC449A700A99426 /* PokemonApiUITests */ = {
			isa = PBXNativeTarget;
			buildConfigurationList = CC9FF1C12DC449A700A99426 /* Build configuration list for PBXNativeTarget "PokemonApiUITests" */;
			buildPhases = (
				CC9FF1AD2DC449A700A99426 /* Sources */,
				CC9FF1AE2DC449A700A99426 /* Frameworks */,
				CC9FF1AF2DC449A700A99426 /* Resources */,
			);
			buildRules = (
			);
			dependencies = (
				CC9FF1B32DC449A700A99426 /* PBXTargetDependency */,
			);
			fileSystemSynchronizedGroups = (
				CC9FF1B42DC449A700A99426 /* PokemonApiUITests */,
			);
			name = PokemonApiUITests;
			packageProductDependencies = (
			);
			productName = PokemonApiUITests;
			productReference = CC9FF1B12DC449A700A99426 /* PokemonApiUITests.xctest */;
			productType = "com.apple.product-type.bundle.ui-testing";
		};
/* End PBXNativeTarget section */

/* Begin PBXProject section */
		CC9FF18F2DC449A500A99426 /* Project object */ = {
			isa = PBXProject;
			attributes = {
				BuildIndependentTargetsInParallel = 1;
				LastSwiftUpdateCheck = 1620;
				LastUpgradeCheck = 1620;
				TargetAttributes = {
					CC9FF1962DC449A500A99426 = {
						CreatedOnToolsVersion = 16.2;
					};
					CC9FF1A62DC449A700A99426 = {
						CreatedOnToolsVersion = 16.2;
						LastSwiftMigration = 1620;
						TestTargetID = CC9FF1962DC449A500A99426;
					};
					CC9FF1B02DC449A700A99426 = {
						CreatedOnToolsVersion = 16.2;
						TestTargetID = CC9FF1962DC449A500A99426;
					};
				};
			};
			buildConfigurationList = CC9FF1922DC449A500A99426 /* Build configuration list for PBXProject "PokemonApi" */;
			developmentRegion = en;
			hasScannedForEncodings = 0;
			knownRegions = (
				en,
				Base,
			);
			mainGroup = CC9FF18E2DC449A500A99426;
			minimizedProjectReferenceProxies = 1;
			preferredProjectObjectVersion = 77;
			productRefGroup = CC9FF1982DC449A500A99426 /* Products */;
			projectDirPath = "";
			projectRoot = "";
			targets = (
				CC9FF1962DC449A500A99426 /* PokemonApi */,
				CC9FF1A62DC449A700A99426 /* PokemonApiTests */,
				CC9FF1B02DC449A700A99426 /* PokemonApiUITests */,
			);
		};
/* End PBXProject section */

/* Begin PBXResourcesBuildPhase section */
		CC9FF1952DC449A500A99426 /* Resources */ = {
			isa = PBXResourcesBuildPhase;
			buildActionMask = 2147483647;
			files = (
			);
			runOnlyForDeploymentPostprocessing = 0;
		};
		CC9FF1A52DC449A700A99426 /* Resources */ = {
			isa = PBXResourcesBuildPhase;
			buildActionMask = 2147483647;
			files = (
			);
			runOnlyForDeploymentPostprocessing = 0;
		};
		CC9FF1AF2DC449A700A99426 /* Resources */ = {
			isa = PBXResourcesBuildPhase;
			buildActionMask = 2147483647;
			files = (
			);
			runOnlyForDeploymentPostprocessing = 0;
		};
/* End PBXResourcesBuildPhase section */

/* Begin PBXSourcesBuildPhase section */
		CC9FF1932DC449A500A99426 /* Sources */ = {
			isa = PBXSourcesBuildPhase;
			buildActionMask = 2147483647;
			files = (
			);
			runOnlyForDeploymentPostprocessing = 0;
		};
		CC9FF1A32DC449A700A99426 /* Sources */ = {
			isa = PBXSourcesBuildPhase;
			buildActionMask = 2147483647;
			files = (
			);
			runOnlyForDeploymentPostprocessing = 0;
		};
		CC9FF1AD2DC449A700A99426 /* Sources */ = {
			isa = PBXSourcesBuildPhase;
			buildActionMask = 2147483647;
			files = (
			);
			runOnlyForDeploymentPostprocessing = 0;
		};
/* End PBXSourcesBuildPhase section */

/* Begin PBXTargetDependency section */
		CC9FF1A92DC449A700A99426 /* PBXTargetDependency */ = {
			isa = PBXTargetDependency;
			target = CC9FF1962DC449A500A99426 /* PokemonApi */;
			targetProxy = CC9FF1A82DC449A700A99426 /* PBXContainerItemProxy */;
		};
		CC9FF1B32DC449A700A99426 /* PBXTargetDependency */ = {
			isa = PBXTargetDependency;
			target = CC9FF1962DC449A500A99426 /* PokemonApi */;
			targetProxy = CC9FF1B22DC449A700A99426 /* PBXContainerItemProxy */;
		};
/* End PBXTargetDependency section */

/* Begin XCBuildConfiguration section */
		CC9FF1B92DC449A700A99426 /* Debug */ = {
			isa = XCBuildConfiguration;
			buildSettings = {
				ALWAYS_SEARCH_USER_PATHS = NO;
				ASSETCATALOG_COMPILER_GENERATE_SWIFT_ASSET_SYMBOL_EXTENSIONS = YES;
				CLANG_ANALYZER_NONNULL = YES;
				CLANG_ANALYZER_NUMBER_OBJECT_CONVERSION = YES_AGGRESSIVE;
				CLANG_CXX_LANGUAGE_STANDARD = "gnu++20";
				CLANG_ENABLE_MODULES = YES;
				CLANG_ENABLE_OBJC_ARC = YES;
				CLANG_ENABLE_OBJC_WEAK = YES;
				CLANG_WARN_BLOCK_CAPTURE_AUTORELEASING = YES;
				CLANG_WARN_BOOL_CONVERSION = YES;
				CLANG_WARN_COMMA = YES;
				CLANG_WARN_CONSTANT_CONVERSION = YES;
				CLANG_WARN_DEPRECATED_OBJC_IMPLEMENTATIONS = YES;
				CLANG_WARN_DIRECT_OBJC_ISA_USAGE = YES_ERROR;
				CLANG_WARN_DOCUMENTATION_COMMENTS = YES;
				CLANG_WARN_EMPTY_BODY = YES;
				CLANG_WARN_ENUM_CONVERSION = YES;
				CLANG_WARN_INFINITE_RECURSION = YES;
				CLANG_WARN_INT_CONVERSION = YES;
				CLANG_WARN_NON_LITERAL_NULL_CONVERSION = YES;
				CLANG_WARN_OBJC_IMPLICIT_RETAIN_SELF = YES;
				CLANG_WARN_OBJC_LITERAL_CONVERSION = YES;
				CLANG_WARN_OBJC_ROOT_CLASS = YES_ERROR;
				CLANG_WARN_QUOTED_INCLUDE_IN_FRAMEWORK_HEADER = YES;
				CLANG_WARN_RANGE_LOOP_ANALYSIS = YES;
				CLANG_WARN_STRICT_PROTOTYPES = YES;
				CLANG_WARN_SUSPICIOUS_MOVE = YES;
				CLANG_WARN_UNGUARDED_AVAILABILITY = YES_AGGRESSIVE;
				CLANG_WARN_UNREACHABLE_CODE = YES;
				CLANG_WARN__DUPLICATE_METHOD_MATCH = YES;
				COPY_PHASE_STRIP = NO;
				DEBUG_INFORMATION_FORMAT = dwarf;
				ENABLE_STRICT_OBJC_MSGSEND = YES;
				ENABLE_TESTABILITY = YES;
				ENABLE_USER_SCRIPT_SANDBOXING = YES;
				GCC_C_LANGUAGE_STANDARD = gnu17;
				GCC_DYNAMIC_NO_PIC = NO;
				GCC_NO_COMMON_BLOCKS = YES;
				GCC_OPTIMIZATION_LEVEL = 0;
				GCC_PREPROCESSOR_DEFINITIONS = (
					"DEBUG=1",
					"$(inherited)",
				);
				GCC_WARN_64_TO_32_BIT_CONVERSION = YES;
				GCC_WARN_ABOUT_RETURN_TYPE = YES_ERROR;
				GCC_WARN_UNDECLARED_SELECTOR = YES;
				GCC_WARN_UNINITIALIZED_AUTOS = YES_AGGRESSIVE;
				GCC_WARN_UNUSED_FUNCTION = YES;
				GCC_WARN_UNUSED_VARIABLE = YES;
				IPHONEOS_DEPLOYMENT_TARGET = 18.2;
				LOCALIZATION_PREFERS_STRING_CATALOGS = YES;
				MTL_ENABLE_DEBUG_INFO = INCLUDE_SOURCE;
				MTL_FAST_MATH = YES;
				ONLY_ACTIVE_ARCH = YES;
				SDKROOT = iphoneos;
				SWIFT_ACTIVE_COMPILATION_CONDITIONS = "DEBUG $(inherited)";
				SWIFT_OPTIMIZATION_LEVEL = "-Onone";
			};
			name = Debug;
		};
		CC9FF1BA2DC449A700A99426 /* Release */ = {
			isa = XCBuildConfiguration;
			buildSettings = {
				ALWAYS_SEARCH_USER_PATHS = NO;
				ASSETCATALOG_COMPILER_GENERATE_SWIFT_ASSET_SYMBOL_EXTENSIONS = YES;
				CLANG_ANALYZER_NONNULL = YES;
				CLANG_ANALYZER_NUMBER_OBJECT_CONVERSION = YES_AGGRESSIVE;
				CLANG_CXX_LANGUAGE_STANDARD = "gnu++20";
				CLANG_ENABLE_MODULES = YES;
				CLANG_ENABLE_OBJC_ARC = YES;
				CLANG_ENABLE_OBJC_WEAK = YES;
				CLANG_WARN_BLOCK_CAPTURE_AUTORELEASING = YES;
				CLANG_WARN_BOOL_CONVERSION = YES;
				CLANG_WARN_COMMA = YES;
				CLANG_WARN_CONSTANT_CONVERSION = YES;
				CLANG_WARN_DEPRECATED_OBJC_IMPLEMENTATIONS = YES;
				CLANG_WARN_DIRECT_OBJC_ISA_USAGE = YES_ERROR;
				CLANG_WARN_DOCUMENTATION_COMMENTS = YES;
				CLANG_WARN_EMPTY_BODY = YES;
				CLANG_WARN_ENUM_CONVERSION = YES;
				CLANG_WARN_INFINITE_RECURSION = YES;
				CLANG_WARN_INT_CONVERSION = YES;
				CLANG_WARN_NON_LITERAL_NULL_CONVERSION = YES;
				CLANG_WARN_OBJC_IMPLICIT_RETAIN_SELF = YES;
				CLANG_WARN_OBJC_LITERAL_CONVERSION = YES;
				CLANG_WARN_OBJC_ROOT_CLASS = YES_ERROR;
				CLANG_WARN_QUOTED_INCLUDE_IN_FRAMEWORK_HEADER = YES;
				CLANG_WARN_RANGE_LOOP_ANALYSIS = YES;
				CLANG_WARN_STRICT_PROTOTYPES = YES;
				CLANG_WARN_SUSPICIOUS_MOVE = YES;
				CLANG_WARN_UNGUARDED_AVAILABILITY = YES_AGGRESSIVE;
				CLANG_WARN_UNREACHABLE_CODE = YES;
				CLANG_WARN__DUPLICATE_METHOD_MATCH = YES;
				COPY_PHASE_STRIP = NO;
				DEBUG_INFORMATION_FORMAT = "dwarf-with-dsym";
				ENABLE_NS_ASSERTIONS = NO;
				ENABLE_STRICT_OBJC_MSGSEND = YES;
				ENABLE_USER_SCRIPT_SANDBOXING = YES;
				GCC_C_LANGUAGE_STANDARD = gnu17;
				GCC_NO_COMMON_BLOCKS = YES;
				GCC_WARN_64_TO_32_BIT_CONVERSION = YES;
				GCC_WARN_ABOUT_RETURN_TYPE = YES_ERROR;
				GCC_WARN_UNDECLARED_SELECTOR = YES;
				GCC_WARN_UNINITIALIZED_AUTOS = YES_AGGRESSIVE;
				GCC_WARN_UNUSED_FUNCTION = YES;
				GCC_WARN_UNUSED_VARIABLE = YES;
				IPHONEOS_DEPLOYMENT_TARGET = 18.2;
				LOCALIZATION_PREFERS_STRING_CATALOGS = YES;
				MTL_ENABLE_DEBUG_INFO = NO;
				MTL_FAST_MATH = YES;
				SDKROOT = iphoneos;
				SWIFT_COMPILATION_MODE = wholemodule;
				VALIDATE_PRODUCT = YES;
			};
			name = Release;
		};
		CC9FF1BC2DC449A700A99426 /* Debug */ = {
			isa = XCBuildConfiguration;
			buildSettings = {
				ASSETCATALOG_COMPILER_APPICON_NAME = AppIcon;
				ASSETCATALOG_COMPILER_GLOBAL_ACCENT_COLOR_NAME = AccentColor;
				CODE_SIGN_STYLE = Automatic;
				CURRENT_PROJECT_VERSION = 1;
				DEVELOPMENT_ASSET_PATHS = "\"PokemonApi/Preview Content\"";
				DEVELOPMENT_TEAM = FQ2VJT7CVR;
				ENABLE_PREVIEWS = YES;
				GENERATE_INFOPLIST_FILE = YES;
				INFOPLIST_FILE = PokemonApi/Info.plist;
				INFOPLIST_KEY_UIApplicationSceneManifest_Generation = YES;
				INFOPLIST_KEY_UIApplicationSupportsIndirectInputEvents = YES;
				INFOPLIST_KEY_UILaunchScreen_Generation = YES;
				INFOPLIST_KEY_UISupportedInterfaceOrientations_iPad = "UIInterfaceOrientationPortrait UIInterfaceOrientationPortraitUpsideDown UIInterfaceOrientationLandscapeLeft UIInterfaceOrientationLandscapeRight";
				INFOPLIST_KEY_UISupportedInterfaceOrientations_iPhone = "UIInterfaceOrientationPortrait UIInterfaceOrientationLandscapeLeft UIInterfaceOrientationLandscapeRight";
				LD_RUNPATH_SEARCH_PATHS = (
					"$(inherited)",
					"@executable_path/Frameworks",
				);
				MARKETING_VERSION = 1.0;
				PRODUCT_BUNDLE_IDENTIFIER = com.pokemon.api.PokemonApi;
				PRODUCT_NAME = "$(TARGET_NAME)";
				SWIFT_EMIT_LOC_STRINGS = YES;
				SWIFT_VERSION = 5.0;
				TARGETED_DEVICE_FAMILY = "1,2";
			};
			name = Debug;
		};
		CC9FF1BD2DC449A700A99426 /* Release */ = {
			isa = XCBuildConfiguration;
			buildSettings = {
				ASSETCATALOG_COMPILER_APPICON_NAME = AppIcon;
				ASSETCATALOG_COMPILER_GLOBAL_ACCENT_COLOR_NAME = AccentColor;
				CODE_SIGN_STYLE = Automatic;
				CURRENT_PROJECT_VERSION = 1;
				DEVELOPMENT_ASSET_PATHS = "\"PokemonApi/Preview Content\"";
				DEVELOPMENT_TEAM = FQ2VJT7CVR;
				ENABLE_PREVIEWS = YES;
				GENERATE_INFOPLIST_FILE = YES;
				INFOPLIST_FILE = PokemonApi/Info.plist;
				INFOPLIST_KEY_UIApplicationSceneManifest_Generation = YES;
				INFOPLIST_KEY_UIApplicationSupportsIndirectInputEvents = YES;
				INFOPLIST_KEY_UILaunchScreen_Generation = YES;
				INFOPLIST_KEY_UISupportedInterfaceOrientations_iPad = "UIInterfaceOrientationPortrait UIInterfaceOrientationPortraitUpsideDown UIInterfaceOrientationLandscapeLeft UIInterfaceOrientationLandscapeRight";
				INFOPLIST_KEY_UISupportedInterfaceOrientations_iPhone = "UIInterfaceOrientationPortrait UIInterfaceOrientationLandscapeLeft UIInterfaceOrientationLandscapeRight";
				LD_RUNPATH_SEARCH_PATHS = (
					"$(inherited)",
					"@executable_path/Frameworks",
				);
				MARKETING_VERSION = 1.0;
				PRODUCT_BUNDLE_IDENTIFIER = com.pokemon.api.PokemonApi;
				PRODUCT_NAME = "$(TARGET_NAME)";
				SWIFT_EMIT_LOC_STRINGS = YES;
				SWIFT_VERSION = 5.0;
				TARGETED_DEVICE_FAMILY = "1,2";
			};
			name = Release;
		};
		CC9FF1BF2DC449A700A99426 /* Debug */ = {
			isa = XCBuildConfiguration;
			buildSettings = {
				BUNDLE_LOADER = "$(TEST_HOST)";
				CLANG_ENABLE_MODULES = YES;
				CODE_SIGN_STYLE = Automatic;
				CURRENT_PROJECT_VERSION = 1;
				DEVELOPMENT_TEAM = FQ2VJT7CVR;
				GENERATE_INFOPLIST_FILE = YES;
				IPHONEOS_DEPLOYMENT_TARGET = 18.2;
				MARKETING_VERSION = 1.0;
				PRODUCT_BUNDLE_IDENTIFIER = com.pokemon.api.PokemonApiTests;
				PRODUCT_NAME = "$(TARGET_NAME)";
				SWIFT_EMIT_LOC_STRINGS = NO;
				SWIFT_OPTIMIZATION_LEVEL = "-Onone";
				SWIFT_VERSION = 5.0;
				TARGETED_DEVICE_FAMILY = "1,2";
				TEST_HOST = "$(BUILT_PRODUCTS_DIR)/PokemonApi.app/$(BUNDLE_EXECUTABLE_FOLDER_PATH)/PokemonApi";
			};
			name = Debug;
		};
		CC9FF1C02DC449A700A99426 /* Release */ = {
			isa = XCBuildConfiguration;
			buildSettings = {
				BUNDLE_LOADER = "$(TEST_HOST)";
				CLANG_ENABLE_MODULES = YES;
				CODE_SIGN_STYLE = Automatic;
				CURRENT_PROJECT_VERSION = 1;
				DEVELOPMENT_TEAM = FQ2VJT7CVR;
				GENERATE_INFOPLIST_FILE = YES;
				IPHONEOS_DEPLOYMENT_TARGET = 18.2;
				MARKETING_VERSION = 1.0;
				PRODUCT_BUNDLE_IDENTIFIER = com.pokemon.api.PokemonApiTests;
				PRODUCT_NAME = "$(TARGET_NAME)";
				SWIFT_EMIT_LOC_STRINGS = NO;
				SWIFT_VERSION = 5.0;
				TARGETED_DEVICE_FAMILY = "1,2";
				TEST_HOST = "$(BUILT_PRODUCTS_DIR)/PokemonApi.app/$(BUNDLE_EXECUTABLE_FOLDER_PATH)/PokemonApi";
			};
			name = Release;
		};
		CC9FF1C22DC449A700A99426 /* Debug */ = {
			isa = XCBuildConfiguration;
			buildSettings = {
				CODE_SIGN_STYLE = Automatic;
				CURRENT_PROJECT_VERSION = 1;
				DEVELOPMENT_TEAM = FQ2VJT7CVR;
				GENERATE_INFOPLIST_FILE = YES;
				MARKETING_VERSION = 1.0;
				PRODUCT_BUNDLE_IDENTIFIER = com.pokemon.api.PokemonApiUITests;
				PRODUCT_NAME = "$(TARGET_NAME)";
				SWIFT_EMIT_LOC_STRINGS = NO;
				SWIFT_VERSION = 5.0;
				TARGETED_DEVICE_FAMILY = "1,2";
				TEST_TARGET_NAME = PokemonApi;
			};
			name = Debug;
		};
		CC9FF1C32DC449A700A99426 /* Release */ = {
			isa = XCBuildConfiguration;
			buildSettings = {
				CODE_SIGN_STYLE = Automatic;
				CURRENT_PROJECT_VERSION = 1;
				DEVELOPMENT_TEAM = FQ2VJT7CVR;
				GENERATE_INFOPLIST_FILE = YES;
				MARKETING_VERSION = 1.0;
				PRODUCT_BUNDLE_IDENTIFIER = com.pokemon.api.PokemonApiUITests;
				PRODUCT_NAME = "$(TARGET_NAME)";
				SWIFT_EMIT_LOC_STRINGS = NO;
				SWIFT_VERSION = 5.0;
				TARGETED_DEVICE_FAMILY = "1,2";
				TEST_TARGET_NAME = PokemonApi;
			};
			name = Release;
		};
/* End XCBuildConfiguration section */

/* Begin XCConfigurationList section */
		CC9FF1922DC449A500A99426 /* Build configuration list for PBXProject "PokemonApi" */ = {
			isa = XCConfigurationList;
			buildConfigurations = (
				CC9FF1B92DC449A700A99426 /* Debug */,
				CC9FF1BA2DC449A700A99426 /* Release */,
			);
			defaultConfigurationIsVisible = 0;
			defaultConfigurationName = Release;
		};
		CC9FF1BB2DC449A700A99426 /* Build configuration list for PBXNativeTarget "PokemonApi" */ = {
			isa = XCConfigurationList;
			buildConfigurations = (
				CC9FF1BC2DC449A700A99426 /* Debug */,
				CC9FF1BD2DC449A700A99426 /* Release */,
			);
			defaultConfigurationIsVisible = 0;
			defaultConfigurationName = Release;
		};
		CC9FF1BE2DC449A700A99426 /* Build configuration list for PBXNativeTarget "PokemonApiTests" */ = {
			isa = XCConfigurationList;
			buildConfigurations = (
				CC9FF1BF2DC449A700A99426 /* Debug */,
				CC9FF1C02DC449A700A99426 /* Release */,
			);
			defaultConfigurationIsVisible = 0;
			defaultConfigurationName = Release;
		};
		CC9FF1C12DC449A700A99426 /* Build configuration list for PBXNativeTarget "PokemonApiUITests" */ = {
			isa = XCConfigurationList;
			buildConfigurations = (
				CC9FF1C22DC449A700A99426 /* Debug */,
				CC9FF1C32DC449A700A99426 /* Release */,
			);
			defaultConfigurationIsVisible = 0;
			defaultConfigurationName = Release;
		};
/* End XCConfigurationList section */
	};
	rootObject = CC9FF18F2DC449A500A99426 /* Project object */;
}
